# THIS IS AN AUTOGENERATED FILE. DO NOT EDIT THIS FILE DIRECTLY.
# yarn lockfile v1


"@ethersproject/abi@^5.0.12":
  version "5.4.0"
  resolved "https://registry.yarnpkg.com/@ethersproject/abi/-/abi-5.4.0.tgz#a6d63bdb3672f738398846d4279fa6b6c9818242"
  integrity sha512-9gU2H+/yK1j2eVMdzm6xvHSnMxk8waIHQGYCZg5uvAyH0rsAzxkModzBSpbAkAuhKFEovC2S9hM4nPuLym8IZw==
  dependencies:
    "@ethersproject/address" "^5.4.0"
    "@ethersproject/bignumber" "^5.4.0"
    "@ethersproject/bytes" "^5.4.0"
    "@ethersproject/constants" "^5.4.0"
    "@ethersproject/hash" "^5.4.0"
    "@ethersproject/keccak256" "^5.4.0"
    "@ethersproject/logger" "^5.4.0"
    "@ethersproject/properties" "^5.4.0"
    "@ethersproject/strings" "^5.4.0"

"@ethersproject/abstract-provider@^5.4.0":
  version "5.4.0"
  resolved "https://registry.yarnpkg.com/@ethersproject/abstract-provider/-/abstract-provider-5.4.0.tgz#415331031b0f678388971e1987305244edc04e1d"
  integrity sha512-vPBR7HKUBY0lpdllIn7tLIzNN7DrVnhCLKSzY0l8WAwxz686m/aL7ASDzrVxV93GJtIub6N2t4dfZ29CkPOxgA==
  dependencies:
    "@ethersproject/bignumber" "^5.4.0"
    "@ethersproject/bytes" "^5.4.0"
    "@ethersproject/logger" "^5.4.0"
    "@ethersproject/networks" "^5.4.0"
    "@ethersproject/properties" "^5.4.0"
    "@ethersproject/transactions" "^5.4.0"
    "@ethersproject/web" "^5.4.0"

"@ethersproject/abstract-signer@^5.4.0":
  version "5.4.0"
  resolved "https://registry.yarnpkg.com/@ethersproject/abstract-signer/-/abstract-signer-5.4.0.tgz#cd5f50b93141ee9f9f49feb4075a0b3eafb57d65"
  integrity sha512-AieQAzt05HJZS2bMofpuxMEp81AHufA5D6M4ScKwtolj041nrfIbIi8ciNW7+F59VYxXq+V4c3d568Q6l2m8ew==
  dependencies:
    "@ethersproject/abstract-provider" "^5.4.0"
    "@ethersproject/bignumber" "^5.4.0"
    "@ethersproject/bytes" "^5.4.0"
    "@ethersproject/logger" "^5.4.0"
    "@ethersproject/properties" "^5.4.0"

"@ethersproject/address@^5.0.2", "@ethersproject/address@^5.4.0":
  version "5.4.0"
  resolved "https://registry.yarnpkg.com/@ethersproject/address/-/address-5.4.0.tgz#ba2d00a0f8c4c0854933b963b9a3a9f6eb4a37a3"
  integrity sha512-SD0VgOEkcACEG/C6xavlU1Hy3m5DGSXW3CUHkaaEHbAPPsgi0coP5oNPsxau8eTlZOk/bpa/hKeCNoK5IzVI2Q==
  dependencies:
    "@ethersproject/bignumber" "^5.4.0"
    "@ethersproject/bytes" "^5.4.0"
    "@ethersproject/keccak256" "^5.4.0"
    "@ethersproject/logger" "^5.4.0"
    "@ethersproject/rlp" "^5.4.0"

"@ethersproject/base64@^5.4.0":
  version "5.4.0"
  resolved "https://registry.yarnpkg.com/@ethersproject/base64/-/base64-5.4.0.tgz#7252bf65295954c9048c7ca5f43e5c86441b2a9a"
  integrity sha512-CjQw6E17QDSSC5jiM9YpF7N1aSCHmYGMt9bWD8PWv6YPMxjsys2/Q8xLrROKI3IWJ7sFfZ8B3flKDTM5wlWuZQ==
  dependencies:
    "@ethersproject/bytes" "^5.4.0"

"@ethersproject/bignumber@^5.4.0":
  version "5.4.0"
  resolved "https://registry.yarnpkg.com/@ethersproject/bignumber/-/bignumber-5.4.0.tgz#be8dea298c0ec71208ee60f0b245be0761217ad9"
  integrity sha512-OXUu9f9hO3vGRIPxU40cignXZVaYyfx6j9NNMjebKdnaCL3anCLSSy8/b8d03vY6dh7duCC0kW72GEC4tZer2w==
  dependencies:
    "@ethersproject/bytes" "^5.4.0"
    "@ethersproject/logger" "^5.4.0"
    bn.js "^4.11.9"

"@ethersproject/bytes@^5.4.0":
  version "5.4.0"
  resolved "https://registry.yarnpkg.com/@ethersproject/bytes/-/bytes-5.4.0.tgz#56fa32ce3bf67153756dbaefda921d1d4774404e"
  integrity sha512-H60ceqgTHbhzOj4uRc/83SCN9d+BSUnOkrr2intevqdtEMO1JFVZ1XL84OEZV+QjV36OaZYxtnt4lGmxcGsPfA==
  dependencies:
    "@ethersproject/logger" "^5.4.0"

"@ethersproject/constants@^5.4.0":
  version "5.4.0"
  resolved "https://registry.yarnpkg.com/@ethersproject/constants/-/constants-5.4.0.tgz#ee0bdcb30bf1b532d2353c977bf2ef1ee117958a"
  integrity sha512-tzjn6S7sj9+DIIeKTJLjK9WGN2Tj0P++Z8ONEIlZjyoTkBuODN+0VfhAyYksKi43l1Sx9tX2VlFfzjfmr5Wl3Q==
  dependencies:
    "@ethersproject/bignumber" "^5.4.0"

"@ethersproject/hash@^5.4.0":
  version "5.4.0"
  resolved "https://registry.yarnpkg.com/@ethersproject/hash/-/hash-5.4.0.tgz#d18a8e927e828e22860a011f39e429d388344ae0"
  integrity sha512-xymAM9tmikKgbktOCjW60Z5sdouiIIurkZUr9oW5NOex5uwxrbsYG09kb5bMcNjlVeJD3yPivTNzViIs1GCbqA==
  dependencies:
    "@ethersproject/abstract-signer" "^5.4.0"
    "@ethersproject/address" "^5.4.0"
    "@ethersproject/bignumber" "^5.4.0"
    "@ethersproject/bytes" "^5.4.0"
    "@ethersproject/keccak256" "^5.4.0"
    "@ethersproject/logger" "^5.4.0"
    "@ethersproject/properties" "^5.4.0"
    "@ethersproject/strings" "^5.4.0"

"@ethersproject/keccak256@^5.4.0":
  version "5.4.0"
  resolved "https://registry.yarnpkg.com/@ethersproject/keccak256/-/keccak256-5.4.0.tgz#7143b8eea4976080241d2bd92e3b1f1bf7025318"
  integrity sha512-FBI1plWet+dPUvAzPAeHzRKiPpETQzqSUWR1wXJGHVWi4i8bOSrpC3NwpkPjgeXG7MnugVc1B42VbfnQikyC/A==
  dependencies:
    "@ethersproject/bytes" "^5.4.0"
    js-sha3 "0.5.7"

"@ethersproject/logger@^5.4.0":
  version "5.4.0"
  resolved "https://registry.yarnpkg.com/@ethersproject/logger/-/logger-5.4.0.tgz#f39adadf62ad610c420bcd156fd41270e91b3ca9"
  integrity sha512-xYdWGGQ9P2cxBayt64d8LC8aPFJk6yWCawQi/4eJ4+oJdMMjEBMrIcIMZ9AxhwpPVmnBPrsB10PcXGmGAqgUEQ==

"@ethersproject/networks@^5.4.0":
  version "5.4.1"
  resolved "https://registry.yarnpkg.com/@ethersproject/networks/-/networks-5.4.1.tgz#2ce83b8e42aa85216e5d277a7952d97b6ce8d852"
  integrity sha512-8SvowCKz9Uf4xC5DTKI8+il8lWqOr78kmiqAVLYT9lzB8aSmJHQMD1GSuJI0CW4hMAnzocpGpZLgiMdzsNSPig==
  dependencies:
    "@ethersproject/logger" "^5.4.0"

"@ethersproject/properties@^5.4.0":
  version "5.4.0"
  resolved "https://registry.yarnpkg.com/@ethersproject/properties/-/properties-5.4.0.tgz#38ba20539b44dcc5d5f80c45ad902017dcdbefe7"
  integrity sha512-7jczalGVRAJ+XSRvNA6D5sAwT4gavLq3OXPuV/74o3Rd2wuzSL035IMpIMgei4CYyBdialJMrTqkOnzccLHn4A==
  dependencies:
    "@ethersproject/logger" "^5.4.0"

"@ethersproject/rlp@^5.4.0":
  version "5.4.0"
  resolved "https://registry.yarnpkg.com/@ethersproject/rlp/-/rlp-5.4.0.tgz#de61afda5ff979454e76d3b3310a6c32ad060931"
  integrity sha512-0I7MZKfi+T5+G8atId9QaQKHRvvasM/kqLyAH4XxBCBchAooH2EX5rL9kYZWwcm3awYV+XC7VF6nLhfeQFKVPg==
  dependencies:
    "@ethersproject/bytes" "^5.4.0"
    "@ethersproject/logger" "^5.4.0"

"@ethersproject/sha2@^5.4.0":
  version "5.4.0"
  resolved "https://registry.yarnpkg.com/@ethersproject/sha2/-/sha2-5.4.0.tgz#c9a8db1037014cbc4e9482bd662f86c090440371"
  integrity sha512-siheo36r1WD7Cy+bDdE1BJ8y0bDtqXCOxRMzPa4bV1TGt/eTUUt03BHoJNB6reWJD8A30E/pdJ8WFkq+/uz4Gg==
  dependencies:
    "@ethersproject/bytes" "^5.4.0"
    "@ethersproject/logger" "^5.4.0"
    hash.js "1.1.7"

"@ethersproject/signing-key@^5.4.0":
  version "5.4.0"
  resolved "https://registry.yarnpkg.com/@ethersproject/signing-key/-/signing-key-5.4.0.tgz#2f05120984e81cf89a3d5f6dec5c68ee0894fbec"
  integrity sha512-q8POUeywx6AKg2/jX9qBYZIAmKSB4ubGXdQ88l40hmATj29JnG5pp331nAWwwxPn2Qao4JpWHNZsQN+bPiSW9A==
  dependencies:
    "@ethersproject/bytes" "^5.4.0"
    "@ethersproject/logger" "^5.4.0"
    "@ethersproject/properties" "^5.4.0"
    bn.js "^4.11.9"
    elliptic "6.5.4"
    hash.js "1.1.7"

"@ethersproject/solidity@^5.0.9":
  version "5.4.0"
  resolved "https://registry.yarnpkg.com/@ethersproject/solidity/-/solidity-5.4.0.tgz#1305e058ea02dc4891df18b33232b11a14ece9ec"
  integrity sha512-XFQTZ7wFSHOhHcV1DpcWj7VXECEiSrBuv7JErJvB9Uo+KfCdc3QtUZV+Vjh/AAaYgezUEKbCtE6Khjm44seevQ==
  dependencies:
    "@ethersproject/bignumber" "^5.4.0"
    "@ethersproject/bytes" "^5.4.0"
    "@ethersproject/keccak256" "^5.4.0"
    "@ethersproject/sha2" "^5.4.0"
    "@ethersproject/strings" "^5.4.0"

"@ethersproject/strings@^5.4.0":
  version "5.4.0"
  resolved "https://registry.yarnpkg.com/@ethersproject/strings/-/strings-5.4.0.tgz#fb12270132dd84b02906a8d895ae7e7fa3d07d9a"
  integrity sha512-k/9DkH5UGDhv7aReXLluFG5ExurwtIpUfnDNhQA29w896Dw3i4uDTz01Quaptbks1Uj9kI8wo9tmW73wcIEaWA==
  dependencies:
    "@ethersproject/bytes" "^5.4.0"
    "@ethersproject/constants" "^5.4.0"
    "@ethersproject/logger" "^5.4.0"

"@ethersproject/transactions@^5.4.0":
  version "5.4.0"
  resolved "https://registry.yarnpkg.com/@ethersproject/transactions/-/transactions-5.4.0.tgz#a159d035179334bd92f340ce0f77e83e9e1522e0"
  integrity sha512-s3EjZZt7xa4BkLknJZ98QGoIza94rVjaEed0rzZ/jB9WrIuu/1+tjvYCWzVrystXtDswy7TPBeIepyXwSYa4WQ==
  dependencies:
    "@ethersproject/address" "^5.4.0"
    "@ethersproject/bignumber" "^5.4.0"
    "@ethersproject/bytes" "^5.4.0"
    "@ethersproject/constants" "^5.4.0"
    "@ethersproject/keccak256" "^5.4.0"
    "@ethersproject/logger" "^5.4.0"
    "@ethersproject/properties" "^5.4.0"
    "@ethersproject/rlp" "^5.4.0"
    "@ethersproject/signing-key" "^5.4.0"

"@ethersproject/web@^5.4.0":
  version "5.4.0"
  resolved "https://registry.yarnpkg.com/@ethersproject/web/-/web-5.4.0.tgz#49fac173b96992334ed36a175538ba07a7413d1f"
  integrity sha512-1bUusGmcoRLYgMn6c1BLk1tOKUIFuTg8j+6N8lYlbMpDesnle+i3pGSagGNvwjaiLo4Y5gBibwctpPRmjrh4Og==
  dependencies:
    "@ethersproject/base64" "^5.4.0"
    "@ethersproject/bytes" "^5.4.0"
    "@ethersproject/logger" "^5.4.0"
    "@ethersproject/properties" "^5.4.0"
    "@ethersproject/strings" "^5.4.0"

"@graphql-typed-document-node/core@^3.1.0":
  version "3.1.0"
  resolved "https://registry.yarnpkg.com/@graphql-typed-document-node/core/-/core-3.1.0.tgz#0eee6373e11418bfe0b5638f654df7a4ca6a3950"
  integrity sha512-wYn6r8zVZyQJ6rQaALBEln5B1pzxb9shV5Ef97kTvn6yVGrqyXVnDqnU24MXnFubR+rZjBY9NWuxX3FB2sTsjg==

"@openzeppelin/contracts@3.4.1-solc-0.7-2":
  version "3.4.1-solc-0.7-2"
  resolved "https://registry.yarnpkg.com/@openzeppelin/contracts/-/contracts-3.4.1-solc-0.7-2.tgz#371c67ebffe50f551c3146a9eec5fe6ffe862e92"
  integrity sha512-tAG9LWg8+M2CMu7hIsqHPaTyG4uDzjr6mhvH96LvOpLZZj6tgzTluBt+LsCf1/QaYrlis6pITvpIaIhE+iZB+Q==

"@tsconfig/node10@^1.0.7":
  version "1.0.8"
  resolved "https://registry.yarnpkg.com/@tsconfig/node10/-/node10-1.0.8.tgz#c1e4e80d6f964fbecb3359c43bd48b40f7cadad9"
  integrity sha512-6XFfSQmMgq0CFLY1MslA/CPUfhIL919M1rMsa5lP2P097N2Wd1sSX0tx1u4olM16fLNhtHZpRhedZJphNJqmZg==

"@tsconfig/node12@^1.0.7":
  version "1.0.9"
  resolved "https://registry.yarnpkg.com/@tsconfig/node12/-/node12-1.0.9.tgz#62c1f6dee2ebd9aead80dc3afa56810e58e1a04c"
  integrity sha512-/yBMcem+fbvhSREH+s14YJi18sp7J9jpuhYByADT2rypfajMZZN4WQ6zBGgBKp53NKmqI36wFYDb3yaMPurITw==

"@tsconfig/node14@^1.0.0":
  version "1.0.1"
  resolved "https://registry.yarnpkg.com/@tsconfig/node14/-/node14-1.0.1.tgz#95f2d167ffb9b8d2068b0b235302fafd4df711f2"
  integrity sha512-509r2+yARFfHHE7T6Puu2jjkoycftovhXRqW328PDXTVGKihlb1P8Z9mMZH04ebyajfRY7dedfGynlrFHJUQCg==

"@tsconfig/node16@^1.0.1":
  version "1.0.2"
  resolved "https://registry.yarnpkg.com/@tsconfig/node16/-/node16-1.0.2.tgz#423c77877d0569db20e1fc80885ac4118314010e"
  integrity sha512-eZxlbI8GZscaGS7kkc/trHTT5xgrjH3/1n2JDwusC9iahPKWMRvRjJSAN5mCXviuTGQ/lHnhvv8Q1YTpnfz9gA==

"@types/node@^16.3.2":
  version "16.3.2"
  resolved "https://registry.yarnpkg.com/@types/node/-/node-16.3.2.tgz#655432817f83b51ac869c2d51dd8305fb8342e16"
  integrity sha512-jJs9ErFLP403I+hMLGnqDRWT0RYKSvArxuBVh2veudHV7ifEC1WAmjJADacZ7mRbA2nWgHtn8xyECMAot0SkAw==

"@uniswap/lib@^4.0.1-alpha":
  version "4.0.1-alpha"
  resolved "https://registry.yarnpkg.com/@uniswap/lib/-/lib-4.0.1-alpha.tgz#2881008e55f075344675b3bca93f020b028fbd02"
  integrity sha512-f6UIliwBbRsgVLxIaBANF6w09tYqc6Y/qXdsrbEmXHyFA7ILiKrIwRFXe1yOg8M3cksgVsO9N7yuL2DdCGQKBA==

"@uniswap/sdk-core@^3.0.0", "@uniswap/sdk-core@^3.0.0-alpha.3":
  version "3.0.0"
  resolved "https://registry.yarnpkg.com/@uniswap/sdk-core/-/sdk-core-3.0.0.tgz#e1acd7c438b21fe36d044cd39e6f0f925e22d04d"
  integrity sha512-Yarx/5lqPZvAAzI7i+twK/IueJNl+OhqbeiiTuD4+g+NEVPCU+SMBvLFzf0/jAlM1WKz6K1psQLUDwdgAj8I3w==
  dependencies:
    "@ethersproject/address" "^5.0.2"
    big.js "^5.2.2"
    decimal.js-light "^2.5.0"
    jsbi "^3.1.4"
    tiny-invariant "^1.1.0"
    toformat "^2.0.0"

"@uniswap/v2-core@1.0.1":
  version "1.0.1"
  resolved "https://registry.yarnpkg.com/@uniswap/v2-core/-/v2-core-1.0.1.tgz#af8f508bf183204779938969e2e54043e147d425"
  integrity sha512-MtybtkUPSyysqLY2U210NBDeCHX+ltHt3oADGdjqoThZaFRDKwM6k1Nb3F0A3hk5hwuQvytFWhrWHOEq6nVJ8Q==

"@uniswap/v3-core@1.0.0":
  version "1.0.0"
  resolved "https://registry.yarnpkg.com/@uniswap/v3-core/-/v3-core-1.0.0.tgz#6c24adacc4c25dceee0ba3ca142b35adbd7e359d"
  integrity sha512-kSC4djMGKMHj7sLMYVnn61k9nu+lHjMIxgg9CDQT+s2QYLoA56GbSK9Oxr+qJXzzygbkrmuY6cwgP6cW2JXPFA==

"@uniswap/v3-periphery@1.0.0":
  version "1.0.0"
  resolved "https://registry.yarnpkg.com/@uniswap/v3-periphery/-/v3-periphery-1.0.0.tgz#8e789dcd70bdd06e01e21dd75372dc76ab38ea47"
  integrity sha512-kRqUrjnyh+X1wJdSENPDFr9sjRVebv2KyLtfqDOPij0dXJ69GspFU2qrZXjouc6LYdkWG7x3fagiTlw0eGniYQ==
  dependencies:
    "@openzeppelin/contracts" "3.4.1-solc-0.7-2"
    "@uniswap/lib" "^4.0.1-alpha"
    "@uniswap/v2-core" "1.0.1"
    "@uniswap/v3-core" "1.0.0"
    base64-sol "1.0.1"

"@uniswap/v3-sdk@^3.2.1":
  version "3.2.1"
  resolved "https://registry.yarnpkg.com/@uniswap/v3-sdk/-/v3-sdk-3.2.1.tgz#2da1dab8427aa5e79b266536f9a2f8854b52c3ae"
  integrity sha512-AqDvYwSguuBwOvZyY2gdV2e15Cfu1/cdxGcjdClZGs4vmYZH/zMCfO99G+efGa+O6K4TtEWJYtgBc77XBQ5lzA==
  dependencies:
    "@ethersproject/abi" "^5.0.12"
    "@ethersproject/solidity" "^5.0.9"
    "@uniswap/sdk-core" "^3.0.0-alpha.3"
    "@uniswap/v3-periphery" "1.0.0"
    tiny-invariant "^1.1.0"
    tiny-warning "^1.0.3"

"@urql/core@^2.1.5":
  version "2.1.5"
  resolved "https://registry.yarnpkg.com/@urql/core/-/core-2.1.5.tgz#8fbc0846d6020cee89dadbee07ffb0a618ab29d8"
  integrity sha512-iX30xZ6exdJbajv2S4gxVP+1ZEh57x9gEuUrpOCLWZp84970XDSo82xoz+11I+NGWiQNZfbIs6LTLaie/iG3OQ==
  dependencies:
    "@graphql-typed-document-node/core" "^3.1.0"
    wonka "^4.0.14"

arg@^4.1.0:
  version "4.1.3"
  resolved "https://registry.yarnpkg.com/arg/-/arg-4.1.3.tgz#269fc7ad5b8e42cb63c896d5666017261c144089"
  integrity sha512-58S9QDqG0Xx27YwPSt9fJxivjYl432YCwfDMfZ+71RAqUrZef7LrKQZ3LHLOwCS4FLNBplP533Zx895SeOCHvA==

base64-sol@1.0.1:
  version "1.0.1"
  resolved "https://registry.yarnpkg.com/base64-sol/-/base64-sol-1.0.1.tgz#91317aa341f0bc763811783c5729f1c2574600f6"
  integrity sha512-ld3cCNMeXt4uJXmLZBHFGMvVpK9KsLVEhPpFRXnvSVAqABKbuNZg/+dsq3NuM+wxFLb/UrVkz7m1ciWmkMfTbg==

big.js@^5.2.2:
  version "5.2.2"
  resolved "https://registry.yarnpkg.com/big.js/-/big.js-5.2.2.tgz#65f0af382f578bcdc742bd9c281e9cb2d7768328"
  integrity sha512-vyL2OymJxmarO8gxMr0mhChsO9QGwhynfuu4+MHTAW6czfq9humCB7rKpUjDd9YUiDPU4mzpyupFSvOClAwbmQ==

bignumber.js@^9.0.1:
  version "9.0.1"
  resolved "https://registry.yarnpkg.com/bignumber.js/-/bignumber.js-9.0.1.tgz#8d7ba124c882bfd8e43260c67475518d0689e4e5"
  integrity sha512-IdZR9mh6ahOBv/hYGiXyVuyCetmGJhtYkqLBpTStdhEGjegpPlUawydyaF3pbIOFynJTpllEs+NP+CS9jKFLjA==

bn.js@^4.11.9:
  version "4.12.0"
  resolved "https://registry.yarnpkg.com/bn.js/-/bn.js-4.12.0.tgz#775b3f278efbb9718eec7361f483fb36fbbfea88"
  integrity sha512-c98Bf3tPniI+scsdk237ku1Dc3ujXQTSgyiPUDEOe7tRkhrqridvh8klBv0HCEso1OLOYcHuCv/cS6DNxKH+ZA==

brorand@^1.1.0:
  version "1.1.0"
  resolved "https://registry.yarnpkg.com/brorand/-/brorand-1.1.0.tgz#12c25efe40a45e3c323eb8675a0a0ce57b22371f"
  integrity sha1-EsJe/kCkXjwyPrhnWgoM5XsiNx8=

buffer-from@^1.0.0:
  version "1.1.1"
  resolved "https://registry.yarnpkg.com/buffer-from/-/buffer-from-1.1.1.tgz#32713bc028f75c02fdb710d7c7bcec1f2c6070ef"
  integrity sha512-MQcXEUbCKtEo7bhqEs6560Hyd4XaovZlO/k9V3hjVUF/zwW7KBVdSK4gIt/bzwS9MbR5qob+F5jusZsb0YQK2A==

create-require@^1.1.0:
  version "1.1.1"
  resolved "https://registry.yarnpkg.com/create-require/-/create-require-1.1.1.tgz#c1d7e8f1e5f6cfc9ff65f9cd352d37348756c333"
  integrity sha512-dcKFX3jn0MpIaXjisoRvexIJVEKzaq7z2rZKxf+MSr9TkdmHmsU4m2lcLojrj/FHl8mk5VxMmYA+ftRkP/3oKQ==

cross-fetch@^3.1.4:
  version "3.1.4"
  resolved "https://registry.yarnpkg.com/cross-fetch/-/cross-fetch-3.1.4.tgz#9723f3a3a247bf8b89039f3a380a9244e8fa2f39"
  integrity sha512-1eAtFWdIubi6T4XPy6ei9iUFoKpUkIF971QLN8lIvvvwueI65+Nw5haMNKUwfJxabqlIIDODJKGrQ66gxC0PbQ==
  dependencies:
    node-fetch "2.6.1"

decimal.js-light@^2.5.0:
  version "2.5.1"
  resolved "https://registry.yarnpkg.com/decimal.js-light/-/decimal.js-light-2.5.1.tgz#134fd32508f19e208f4fb2f8dac0d2626a867934"
  integrity sha512-qIMFpTMZmny+MMIitAB6D7iVPEorVw6YQRWkvarTkT4tBeSLLiHzcwj6q0MmYSFCiVpiqPJTJEYIrpcPzVEIvg==

diff@^4.0.1:
  version "4.0.2"
  resolved "https://registry.yarnpkg.com/diff/-/diff-4.0.2.tgz#60f3aecb89d5fae520c11aa19efc2bb982aade7d"
  integrity sha512-58lmxKSA4BNyLz+HHMUzlOEpg09FV+ev6ZMe3vJihgdxzgcwZ8VoEEPmALCZG9LmqfVoNMMKpttIYTVG6uDY7A==

dotenv@^10.0.0:
  version "10.0.0"
  resolved "https://registry.yarnpkg.com/dotenv/-/dotenv-10.0.0.tgz#3d4227b8fb95f81096cdd2b66653fb2c7085ba81"
  integrity sha512-rlBi9d8jpv9Sf1klPjNfFAuWDjKLwTIJJ/VxtoTwIR6hnZxcEOQCZg2oIL3MWBYw5GpUDKOEnND7LXTbIpQ03Q==

elliptic@6.5.4:
  version "6.5.4"
  resolved "https://registry.yarnpkg.com/elliptic/-/elliptic-6.5.4.tgz#da37cebd31e79a1367e941b592ed1fbebd58abbb"
  integrity sha512-iLhC6ULemrljPZb+QutR5TQGB+pdW6KGD5RSegS+8sorOZT+rdQFbsQFJgvN3eRqNALqJer4oQ16YvJHlU8hzQ==
  dependencies:
    bn.js "^4.11.9"
    brorand "^1.1.0"
    hash.js "^1.0.0"
    hmac-drbg "^1.0.1"
    inherits "^2.0.4"
    minimalistic-assert "^1.0.1"
    minimalistic-crypto-utils "^1.0.1"

graphql@^15.5.1:
  version "15.5.1"
  resolved "https://registry.yarnpkg.com/graphql/-/graphql-15.5.1.tgz#f2f84415d8985e7b84731e7f3536f8bb9d383aad"
  integrity sha512-FeTRX67T3LoE3LWAxxOlW2K3Bz+rMYAC18rRguK4wgXaTZMiJwSUwDmPFo3UadAKbzirKIg5Qy+sNJXbpPRnQw==

hash.js@1.1.7, hash.js@^1.0.0, hash.js@^1.0.3:
  version "1.1.7"
  resolved "https://registry.yarnpkg.com/hash.js/-/hash.js-1.1.7.tgz#0babca538e8d4ee4a0f8988d68866537a003cf42"
  integrity sha512-taOaskGt4z4SOANNseOviYDvjEJinIkRgmp7LbKP2YTTmVxWBl87s/uzK9r+44BclBSp2X7K1hqeNfz9JbBeXA==
  dependencies:
    inherits "^2.0.3"
    minimalistic-assert "^1.0.1"

hmac-drbg@^1.0.1:
  version "1.0.1"
  resolved "https://registry.yarnpkg.com/hmac-drbg/-/hmac-drbg-1.0.1.tgz#d2745701025a6c775a6c545793ed502fc0c649a1"
  integrity sha1-0nRXAQJabHdabFRXk+1QL8DGSaE=
  dependencies:
    hash.js "^1.0.3"
    minimalistic-assert "^1.0.0"
    minimalistic-crypto-utils "^1.0.1"

inherits@^2.0.3, inherits@^2.0.4:
  version "2.0.4"
  resolved "https://registry.yarnpkg.com/inherits/-/inherits-2.0.4.tgz#0fa2c64f932917c3433a0ded55363aae37416b7c"
  integrity sha512-k/vGaX4/Yla3WzyMCvTQOXYeIHvqOKtnqBduzTHpzpQZzAskKMhZ2K+EnBiSM9zGSoIFeMpXKxa4dYeZIQqewQ==

js-sha3@0.5.7:
  version "0.5.7"
  resolved "https://registry.yarnpkg.com/js-sha3/-/js-sha3-0.5.7.tgz#0d4ffd8002d5333aabaf4a23eed2f6374c9f28e7"
  integrity sha1-DU/9gALVMzqrr0oj7tL2N0yfKOc=

jsbi@^3.1.4:
  version "3.1.5"
  resolved "https://registry.yarnpkg.com/jsbi/-/jsbi-3.1.5.tgz#70c2aaa2f75e1dc7604fed45298061ca23724046"
  integrity sha512-w2BY0VOYC1ahe+w6Qhl4SFoPvPsZ9NPHY4bwass+LCgU7RK3PBoVQlQ3G1s7vI8W3CYyJiEXcbKF7FIM/L8q3Q==

make-error@^1.1.1:
  version "1.3.6"
  resolved "https://registry.yarnpkg.com/make-error/-/make-error-1.3.6.tgz#2eb2e37ea9b67c4891f684a1394799af484cf7a2"
  integrity sha512-s8UhlNe7vPKomQhC1qFelMokr/Sc3AgNbso3n74mVPA5LTZwkB9NlXf4XPamLxJE8h0gh73rM94xvwRT2CVInw==

minimalistic-assert@^1.0.0, minimalistic-assert@^1.0.1:
  version "1.0.1"
  resolved "https://registry.yarnpkg.com/minimalistic-assert/-/minimalistic-assert-1.0.1.tgz#2e194de044626d4a10e7f7fbc00ce73e83e4d5c7"
  integrity sha512-UtJcAD4yEaGtjPezWuO9wC4nwUnVH/8/Im3yEHQP4b67cXlD/Qr9hdITCU1xDbSEXg2XKNaP8jsReV7vQd00/A==

minimalistic-crypto-utils@^1.0.1:
  version "1.0.1"
  resolved "https://registry.yarnpkg.com/minimalistic-crypto-utils/-/minimalistic-crypto-utils-1.0.1.tgz#f6c00c1c0b082246e5c4d99dfb8c7c083b2b582a"
  integrity sha1-9sAMHAsIIkblxNmd+4x8CDsrWCo=

node-fetch@2.6.1:
  version "2.6.1"
  resolved "https://registry.yarnpkg.com/node-fetch/-/node-fetch-2.6.1.tgz#045bd323631f76ed2e2b55573394416b639a0052"
  integrity sha512-V4aYg89jEoVRxRb2fJdAg8FHvI7cEyYdVAh94HH0UIK8oJxUfkjlDQN9RbMx+bEjP7+ggMiFRprSti032Oipxw==

source-map-support@^0.5.17:
  version "0.5.19"
  resolved "https://registry.yarnpkg.com/source-map-support/-/source-map-support-0.5.19.tgz#a98b62f86dcaf4f67399648c085291ab9e8fed61"
  integrity sha512-Wonm7zOCIJzBGQdB+thsPar0kYuCIzYvxZwlBa87yi/Mdjv7Tip2cyVbLj5o0cFPN4EVkuTwb3GDDyUx2DGnGw==
  dependencies:
    buffer-from "^1.0.0"
    source-map "^0.6.0"

source-map@^0.6.0:
  version "0.6.1"
  resolved "https://registry.yarnpkg.com/source-map/-/source-map-0.6.1.tgz#74722af32e9614e9c287a8d0bbde48b5e2f1a263"
  integrity sha512-UjgapumWlbMhkBgzT7Ykc5YXUT46F0iKu8SGXq0bcwP5dz/h0Plj6enJqjz1Zbq2l5WaqYnrVbwWOWMyF3F47g==

tiny-invariant@^1.1.0:
  version "1.1.0"
  resolved "https://registry.yarnpkg.com/tiny-invariant/-/tiny-invariant-1.1.0.tgz#634c5f8efdc27714b7f386c35e6760991d230875"
  integrity sha512-ytxQvrb1cPc9WBEI/HSeYYoGD0kWnGEOR8RY6KomWLBVhqz0RgTwVO9dLrGz7dC+nN9llyI7OKAgRq8Vq4ZBSw==

tiny-warning@^1.0.3:
  version "1.0.3"
  resolved "https://registry.yarnpkg.com/tiny-warning/-/tiny-warning-1.0.3.tgz#94a30db453df4c643d0fd566060d60a875d84754"
  integrity sha512-lBN9zLN/oAf68o3zNXYrdCt1kP8WsiGW8Oo2ka41b2IM5JL/S1CTyX1rW0mb/zSuJun0ZUrDxx4sqvYS2FWzPA==

toformat@^2.0.0:
  version "2.0.0"
  resolved "https://registry.yarnpkg.com/toformat/-/toformat-2.0.0.tgz#7a043fd2dfbe9021a4e36e508835ba32056739d8"
  integrity sha512-03SWBVop6nU8bpyZCx7SodpYznbZF5R4ljwNLBcTQzKOD9xuihRo/psX58llS1BMFhhAI08H3luot5GoXJz2pQ==

ts-node@^10.1.0:
  version "10.1.0"
  resolved "https://registry.yarnpkg.com/ts-node/-/ts-node-10.1.0.tgz#e656d8ad3b61106938a867f69c39a8ba6efc966e"
  integrity sha512-6szn3+J9WyG2hE+5W8e0ruZrzyk1uFLYye6IGMBadnOzDh8aP7t8CbFpsfCiEx2+wMixAhjFt7lOZC4+l+WbEA==
  dependencies:
    "@tsconfig/node10" "^1.0.7"
    "@tsconfig/node12" "^1.0.7"
    "@tsconfig/node14" "^1.0.0"
    "@tsconfig/node16" "^1.0.1"
    arg "^4.1.0"
    create-require "^1.1.0"
    diff "^4.0.1"
    make-error "^1.1.1"
    source-map-support "^0.5.17"
    yn "3.1.1"

typescript@^4.3.5:
  version "4.3.5"
  resolved "https://registry.yarnpkg.com/typescript/-/typescript-4.3.5.tgz#4d1c37cc16e893973c45a06886b7113234f119f4"
  integrity sha512-DqQgihaQ9cUrskJo9kIyW/+g0Vxsk8cDtZ52a3NGh0YNTfpUSArXSohyUGnvbPazEPLu398C0UxmKSOrPumUzA==

wonka@^4.0.14:
  version "4.0.15"
  resolved "https://registry.yarnpkg.com/wonka/-/wonka-4.0.15.tgz#9aa42046efa424565ab8f8f451fcca955bf80b89"
  integrity sha512-U0IUQHKXXn6PFo9nqsHphVCE5m3IntqZNB9Jjn7EB1lrR7YTDY3YWgFvEvwniTzXSvOH/XMzAZaIfJF/LvHYXg==

yn@3.1.1:
  version "3.1.1"
  resolved "https://registry.yarnpkg.com/yn/-/yn-3.1.1.tgz#1e87401a09d767c1d5eab26a6e4c185182d2eb50"
  integrity sha512-Ux4ygGWsu2c7isFWe8Yu1YluJmqVhxqK2cLXNQA5AcC3QfbGNpM7fu0Y8b/z16pXLnFxZYvWhd3fhBY9DLmC6Q==
